
Microsoft Visual Studio Solution File, Format Version 12.00
# Visual Studio Version 17
VisualStudioVersion = 17.0.31903.59
MinimumVisualStudioVersion = 10.0.40219.1
Project("{2150E333-8FDC-42A3-9474-1A3956D46DE8}") = "src", "src", "{A647CDAF-6261-45B5-9240-B3A967018135}"
EndProject
Project("{FAE04EC0-301F-11D3-BF4B-00C04F79EFBC}") = "STailor.Shared", "src\STailor.Shared\STailor.Shared.csproj", "{3C96DF2C-C8A1-4C8E-BB30-DF40CE0F434C}"
EndProject
Project("{FAE04EC0-301F-11D3-BF4B-00C04F79EFBC}") = "STailor.Core", "src\STailor.Core\STailor.Core.csproj", "{327A2805-04D9-4BC8-8EAC-2EC9E33C8875}"
EndProject
Project("{FAE04EC0-301F-11D3-BF4B-00C04F79EFBC}") = "STailor.Infrastructure", "src\STailor.Infrastructure\STailor.Infrastructure.csproj", "{2C8DA353-88F5-4B4C-9442-53CE4E7767F1}"
EndProject
Project("{FAE04EC0-301F-11D3-BF4B-00C04F79EFBC}") = "STailor.Modules.Core", "src\STailor.Modules.Core\STailor.Modules.Core.csproj", "{B447C37B-FBA3-4EAA-B023-97C4FB446D79}"
EndProject
Project("{FAE04EC0-301F-11D3-BF4B-00C04F79EFBC}") = "STailor.Api", "src\STailor.Api\STailor.Api.csproj", "{DECD6B0B-4E90-4E0D-B87C-9E293425D10E}"
EndProject
Project("{FAE04EC0-301F-11D3-BF4B-00C04F79EFBC}") = "STailor.UI.Rcl", "src\STailor.UI.Rcl\STailor.UI.Rcl.csproj", "{26AA6888-03DE-4049-8CCF-A6C8513C5A75}"
EndProject
Project("{FAE04EC0-301F-11D3-BF4B-00C04F79EFBC}") = "STailor.Maui", "src\STailor.Maui\STailor.Maui.csproj", "{C951E6D4-14F1-4301-B383-87ACF2F79095}"
EndProject
Project("{2150E333-8FDC-42A3-9474-1A3956D46DE8}") = "tests", "tests", "{AC07D409-E24C-4016-B664-6AAA2B5805EC}"
EndProject
Project("{FAE04EC0-301F-11D3-BF4B-00C04F79EFBC}") = "STailor.Core.Tests", "tests\STailor.Core.Tests\STailor.Core.Tests.csproj", "{F2C8B181-44AB-478E-8DDA-FA99E968444E}"
EndProject
Project("{FAE04EC0-301F-11D3-BF4B-00C04F79EFBC}") = "STailor.Infrastructure.Tests", "tests\STailor.Infrastructure.Tests\STailor.Infrastructure.Tests.csproj", "{318A7534-836C-47E0-99FC-E4FF3A7790E1}"
EndProject
Project("{FAE04EC0-301F-11D3-BF4B-00C04F79EFBC}") = "STailor.Modules.Core.Tests", "tests\STailor.Modules.Core.Tests\STailor.Modules.Core.Tests.csproj", "{20F020A4-C5C4-459B-B281-85DD8B3A4E19}"
EndProject
Project("{FAE04EC0-301F-11D3-BF4B-00C04F79EFBC}") = "STailor.UI.Rcl.Tests", "tests\STailor.UI.Rcl.Tests\STailor.UI.Rcl.Tests.csproj", "{9F053EA6-731F-4616-9A03-24C893F52FAD}"
EndProject
Project("{FAE04EC0-301F-11D3-BF4B-00C04F79EFBC}") = "STailor.Api.Tests", "tests\STailor.Api.Tests\STailor.Api.Tests.csproj", "{BA6F87FF-9F11-46E9-9593-3C37367338DE}"
EndProject
Project("{FAE04EC0-301F-11D3-BF4B-00C04F79EFBC}") = "STailor.Web", "src\STailor.Web\STailor.Web.csproj", "{41F5D3AB-5571-47E5-8D08-51D175C61570}"
EndProject
Project("{FAE04EC0-301F-11D3-BF4B-00C04F79EFBC}") = "STailor.Web.Tests", "tests\STailor.Web.Tests\STailor.Web.Tests.csproj", "{32AEEE25-04B7-406B-8C6F-4169DD35C1A8}"
EndProject
Global
	GlobalSection(SolutionConfigurationPlatforms) = preSolution
		Debug|Any CPU = Debug|Any CPU
		Release|Any CPU = Release|Any CPU
	EndGlobalSection
	GlobalSection(SolutionProperties) = preSolution
		HideSolutionNode = FALSE
	EndGlobalSection
	GlobalSection(ProjectConfigurationPlatforms) = postSolution
		{3C96DF2C-C8A1-4C8E-BB30-DF40CE0F434C}.Debug|Any CPU.ActiveCfg = Debug|Any CPU
		{3C96DF2C-C8A1-4C8E-BB30-DF40CE0F434C}.Debug|Any CPU.Build.0 = Debug|Any CPU
		{3C96DF2C-C8A1-4C8E-BB30-DF40CE0F434C}.Release|Any CPU.ActiveCfg = Release|Any CPU
		{3C96DF2C-C8A1-4C8E-BB30-DF40CE0F434C}.Release|Any CPU.Build.0 = Release|Any CPU
		{327A2805-04D9-4BC8-8EAC-2EC9E33C8875}.Debug|Any CPU.ActiveCfg = Debug|Any CPU
		{327A2805-04D9-4BC8-8EAC-2EC9E33C8875}.Debug|Any CPU.Build.0 = Debug|Any CPU
		{327A2805-04D9-4BC8-8EAC-2EC9E33C8875}.Release|Any CPU.ActiveCfg = Release|Any CPU
		{327A2805-04D9-4BC8-8EAC-2EC9E33C8875}.Release|Any CPU.Build.0 = Release|Any CPU
		{2C8DA353-88F5-4B4C-9442-53CE4E7767F1}.Debug|Any CPU.ActiveCfg = Debug|Any CPU
		{2C8DA353-88F5-4B4C-9442-53CE4E7767F1}.Debug|Any CPU.Build.0 = Debug|Any CPU
		{2C8DA353-88F5-4B4C-9442-53CE4E7767F1}.Release|Any CPU.ActiveCfg = Release|Any CPU
		{2C8DA353-88F5-4B4C-9442-53CE4E7767F1}.Release|Any CPU.Build.0 = Release|Any CPU
		{B447C37B-FBA3-4EAA-B023-97C4FB446D79}.Debug|Any CPU.ActiveCfg = Debug|Any CPU
		{B447C37B-FBA3-4EAA-B023-97C4FB446D79}.Debug|Any CPU.Build.0 = Debug|Any CPU
		{B447C37B-FBA3-4EAA-B023-97C4FB446D79}.Release|Any CPU.ActiveCfg = Release|Any CPU
		{B447C37B-FBA3-4EAA-B023-97C4FB446D79}.Release|Any CPU.Build.0 = Release|Any CPU
		{DECD6B0B-4E90-4E0D-B87C-9E293425D10E}.Debug|Any CPU.ActiveCfg = Debug|Any CPU
		{DECD6B0B-4E90-4E0D-B87C-9E293425D10E}.Debug|Any CPU.Build.0 = Debug|Any CPU
		{DECD6B0B-4E90-4E0D-B87C-9E293425D10E}.Release|Any CPU.ActiveCfg = Release|Any CPU
		{DECD6B0B-4E90-4E0D-B87C-9E293425D10E}.Release|Any CPU.Build.0 = Release|Any CPU
		{26AA6888-03DE-4049-8CCF-A6C8513C5A75}.Debug|Any CPU.ActiveCfg = Debug|Any CPU
		{26AA6888-03DE-4049-8CCF-A6C8513C5A75}.Debug|Any CPU.Build.0 = Debug|Any CPU
		{26AA6888-03DE-4049-8CCF-A6C8513C5A75}.Release|Any CPU.ActiveCfg = Release|Any CPU
		{26AA6888-03DE-4049-8CCF-A6C8513C5A75}.Release|Any CPU.Build.0 = Release|Any CPU
		{C951E6D4-14F1-4301-B383-87ACF2F79095}.Debug|Any CPU.ActiveCfg = Debug|Any CPU
		{C951E6D4-14F1-4301-B383-87ACF2F79095}.Debug|Any CPU.Build.0 = Debug|Any CPU
		{C951E6D4-14F1-4301-B383-87ACF2F79095}.Release|Any CPU.ActiveCfg = Release|Any CPU
		{C951E6D4-14F1-4301-B383-87ACF2F79095}.Release|Any CPU.Build.0 = Release|Any CPU
		{F2C8B181-44AB-478E-8DDA-FA99E968444E}.Debug|Any CPU.ActiveCfg = Debug|Any CPU
		{F2C8B181-44AB-478E-8DDA-FA99E968444E}.Debug|Any CPU.Build.0 = Debug|Any CPU
		{F2C8B181-44AB-478E-8DDA-FA99E968444E}.Release|Any CPU.ActiveCfg = Release|Any CPU
		{F2C8B181-44AB-478E-8DDA-FA99E968444E}.Release|Any CPU.Build.0 = Release|Any CPU
		{318A7534-836C-47E0-99FC-E4FF3A7790E1}.Debug|Any CPU.ActiveCfg = Debug|Any CPU
		{318A7534-836C-47E0-99FC-E4FF3A7790E1}.Debug|Any CPU.Build.0 = Debug|Any CPU
		{318A7534-836C-47E0-99FC-E4FF3A7790E1}.Release|Any CPU.ActiveCfg = Release|Any CPU
		{318A7534-836C-47E0-99FC-E4FF3A7790E1}.Release|Any CPU.Build.0 = Release|Any CPU
		{20F020A4-C5C4-459B-B281-85DD8B3A4E19}.Debug|Any CPU.ActiveCfg = Debug|Any CPU
		{20F020A4-C5C4-459B-B281-85DD8B3A4E19}.Debug|Any CPU.Build.0 = Debug|Any CPU
		{20F020A4-C5C4-459B-B281-85DD8B3A4E19}.Release|Any CPU.ActiveCfg = Release|Any CPU
		{20F020A4-C5C4-459B-B281-85DD8B3A4E19}.Release|Any CPU.Build.0 = Release|Any CPU
		{9F053EA6-731F-4616-9A03-24C893F52FAD}.Debug|Any CPU.ActiveCfg = Debug|Any CPU
		{9F053EA6-731F-4616-9A03-24C893F52FAD}.Debug|Any CPU.Build.0 = Debug|Any CPU
		{9F053EA6-731F-4616-9A03-24C893F52FAD}.Release|Any CPU.ActiveCfg = Release|Any CPU
		{9F053EA6-731F-4616-9A03-24C893F52FAD}.Release|Any CPU.Build.0 = Release|Any CPU
		{BA6F87FF-9F11-46E9-9593-3C37367338DE}.Debug|Any CPU.ActiveCfg = Debug|Any CPU
		{BA6F87FF-9F11-46E9-9593-3C37367338DE}.Debug|Any CPU.Build.0 = Debug|Any CPU
		{BA6F87FF-9F11-46E9-9593-3C37367338DE}.Release|Any CPU.ActiveCfg = Release|Any CPU
		{BA6F87FF-9F11-46E9-9593-3C37367338DE}.Release|Any CPU.Build.0 = Release|Any CPU
		{41F5D3AB-5571-47E5-8D08-51D175C61570}.Debug|Any CPU.ActiveCfg = Debug|Any CPU
		{41F5D3AB-5571-47E5-8D08-51D175C61570}.Debug|Any CPU.Build.0 = Debug|Any CPU
		{41F5D3AB-5571-47E5-8D08-51D175C61570}.Release|Any CPU.ActiveCfg = Release|Any CPU
		{41F5D3AB-5571-47E5-8D08-51D175C61570}.Release|Any CPU.Build.0 = Release|Any CPU
		{32AEEE25-04B7-406B-8C6F-4169DD35C1A8}.Debug|Any CPU.ActiveCfg = Debug|Any CPU
		{32AEEE25-04B7-406B-8C6F-4169DD35C1A8}.Debug|Any CPU.Build.0 = Debug|Any CPU
		{32AEEE25-04B7-406B-8C6F-4169DD35C1A8}.Release|Any CPU.ActiveCfg = Release|Any CPU
		{32AEEE25-04B7-406B-8C6F-4169DD35C1A8}.Release|Any CPU.Build.0 = Release|Any CPU
	EndGlobalSection
	GlobalSection(NestedProjects) = preSolution
		{3C96DF2C-C8A1-4C8E-BB30-DF40CE0F434C} = {A647CDAF-6261-45B5-9240-B3A967018135}
		{327A2805-04D9-4BC8-8EAC-2EC9E33C8875} = {A647CDAF-6261-45B5-9240-B3A967018135}
		{2C8DA353-88F5-4B4C-9442-53CE4E7767F1} = {A647CDAF-6261-45B5-9240-B3A967018135}
		{B447C37B-FBA3-4EAA-B023-97C4FB446D79} = {A647CDAF-6261-45B5-9240-B3A967018135}
		{DECD6B0B-4E90-4E0D-B87C-9E293425D10E} = {A647CDAF-6261-45B5-9240-B3A967018135}
		{26AA6888-03DE-4049-8CCF-A6C8513C5A75} = {A647CDAF-6261-45B5-9240-B3A967018135}
		{C951E6D4-14F1-4301-B383-87ACF2F79095} = {A647CDAF-6261-45B5-9240-B3A967018135}
		{F2C8B181-44AB-478E-8DDA-FA99E968444E} = {AC07D409-E24C-4016-B664-6AAA2B5805EC}
		{318A7534-836C-47E0-99FC-E4FF3A7790E1} = {AC07D409-E24C-4016-B664-6AAA2B5805EC}
		{20F020A4-C5C4-459B-B281-85DD8B3A4E19} = {AC07D409-E24C-4016-B664-6AAA2B5805EC}
		{9F053EA6-731F-4616-9A03-24C893F52FAD} = {AC07D409-E24C-4016-B664-6AAA2B5805EC}
		{BA6F87FF-9F11-46E9-9593-3C37367338DE} = {AC07D409-E24C-4016-B664-6AAA2B5805EC}
		{41F5D3AB-5571-47E5-8D08-51D175C61570} = {A647CDAF-6261-45B5-9240-B3A967018135}
		{32AEEE25-04B7-406B-8C6F-4169DD35C1A8} = {AC07D409-E24C-4016-B664-6AAA2B5805EC}
	EndGlobalSection
EndGlobal
